
Microsoft Visual Studio Solution File, Format Version 12.00
# Visual Studio Version 16
VisualStudioVersion = 16.0.31112.23
MinimumVisualStudioVersion = 10.0.40219.1
Project("{FAE04EC0-301F-11D3-BF4B-00C04F79EFBC}") = "senai_spmed", "senai_spmed\senai_spmed.csproj", "{D0D75EA9-3C96-4387-B3EF-0DA07E9693AD}"
EndProject
Global
	GlobalSection(SolutionConfigurationPlatforms) = preSolution
		Debug|Any CPU = Debug|Any CPU
		Release|Any CPU = Release|Any CPU
	EndGlobalSection
	GlobalSection(ProjectConfigurationPlatforms) = postSolution
		{D0D75EA9-3C96-4387-B3EF-0DA07E9693AD}.Debug|Any CPU.ActiveCfg = Debug|Any CPU
		{D0D75EA9-3C96-4387-B3EF-0DA07E9693AD}.Debug|Any CPU.Build.0 = Debug|Any CPU
		{D0D75EA9-3C96-4387-B3EF-0DA07E9693AD}.Release|Any CPU.ActiveCfg = Release|Any CPU
		{D0D75EA9-3C96-4387-B3EF-0DA07E9693AD}.Release|Any CPU.Build.0 = Release|Any CPU
	EndGlobalSection
	GlobalSection(SolutionProperties) = preSolution
		HideSolutionNode = FALSE
	EndGlobalSection
	GlobalSection(ExtensibilityGlobals) = postSolution
		SolutionGuid = {92DC4952-8B03-4B68-A84C-8299C4FA7F49}
	EndGlobalSection
EndGlobal
